<?xml version="1.0" encoding="utf-8"?>
<Project xmlns="http://schemas.microsoft.com/developer/msbuild/2003">
  <ItemGroup>
    <Filter Include="Generated Files">
      <UniqueIdentifier>{71ED8ED8-ACB9-4CE9-BBE1-E00B30144E11}</UniqueIdentifier>
      <Extensions>cpp;c;cxx;moc;h;def;odl;idl;res;</Extensions>
    </Filter>
    <Filter Include="Generated Files">
      <UniqueIdentifier>{71ED8ED8-ACB9-4CE9-BBE1-E00B30144E11}</UniqueIdentifier>
      <Extensions>cpp;c;cxx;moc;h;def;odl;idl;res;</Extensions>
    </Filter>
    <Filter Include="Header Files">
      <UniqueIdentifier>{93995380-89BD-4b04-88EB-625FBE52EBFB}</UniqueIdentifier>
      <Extensions>h;hpp;hxx;hm;inl;inc;xsd</Extensions>
    </Filter>
    <Filter Include="Header Files">
      <UniqueIdentifier>{93995380-89BD-4b04-88EB-625FBE52EBFB}</UniqueIdentifier>
      <Extensions>h;hpp;hxx;hm;inl;inc;xsd</Extensions>
    </Filter>
    <Filter Include="Source Files">
      <UniqueIdentifier>{4FC737F1-C7A5-4376-A066-2A32D752A2FF}</UniqueIdentifier>
      <Extensions>cpp;c;cxx;def;odl;idl;hpj;bat;asm;asmx</Extensions>
    </Filter>
    <Filter Include="Source Files">
      <UniqueIdentifier>{4FC737F1-C7A5-4376-A066-2A32D752A2FF}</UniqueIdentifier>
      <Extensions>cpp;c;cxx;def;odl;idl;hpj;bat;asm;asmx</Extensions>
    </Filter>
  </ItemGroup>
  <ItemGroup>
    <ClCompile Include="zlib\adler32.c">
      <Filter>Source Files</Filter>
    </ClCompile>
    <ClCompile Include="alan.cc">
      <Filter>Source Files</Filter>
    </ClCompile>
    <ClCompile Include="an1.cc">
      <Filter>Source Files</Filter>
    </ClCompile>
    <ClCompile Include="arcdist.cc">
      <Filter>Source Files</Filter>
    </ClCompile>
    <ClCompile Include="bcr.cc">
      <Filter>Source Files</Filter>
    </ClCompile>
    <ClCompile Include="bend.cc">
      <Filter>Source Files</Filter>
    </ClCompile>
    <ClCompile Include="brauniger_iq.cc">
      <Filter>Source Files</Filter>
    </ClCompile>
    <ClCompile Include="bushnell.cc">
      <Filter>Source Files</Filter>
    </ClCompile>
    <ClCompile Include="bushnell_trl.cc">
      <Filter>Source Files</Filter>
    </ClCompile>
    <ClCompile Include="cet.cc">
      <Filter>Source Files</Filter>
    </ClCompile>
    <ClCompile Include="cet_util.cc">
      <Filter>Source Files</Filter>
    </ClCompile>
    <ClCompile Include="compegps.cc">
      <Filter>Source Files</Filter>
    </ClCompile>
    <ClCompile Include="zlib\compress.c">
      <Filter>Source Files</Filter>
    </ClCompile>
    <ClCompile Include="zlib\crc32.c">
      <Filter>Source Files</Filter>
    </ClCompile>
    <ClCompile Include="cst.cc">
      <Filter>Source Files</Filter>
    </ClCompile>
    <ClCompile Include="csv_util.cc">
      <Filter>Source Files</Filter>
    </ClCompile>
    <ClCompile Include="shapelib\dbfopen.c">
      <Filter>Source Files</Filter>
    </ClCompile>
    <ClCompile Include="zlib\deflate.c">
      <Filter>Source Files</Filter>
    </ClCompile>
    <ClCompile Include="delgpl.cc">
      <Filter>Source Files</Filter>
    </ClCompile>
    <ClCompile Include="destinator.cc">
      <Filter>Source Files</Filter>
    </ClCompile>
    <ClCompile Include="dg-100.cc">
      <Filter>Source Files</Filter>
    </ClCompile>
    <ClCompile Include="discard.cc">
      <Filter>Source Files</Filter>
    </ClCompile>
    <ClCompile Include="dmtlog.cc">
      <Filter>Source Files</Filter>
    </ClCompile>
    <ClCompile Include="duplicate.cc">
      <Filter>Source Files</Filter>
    </ClCompile>
    <ClCompile Include="easygps.cc">
      <Filter>Source Files</Filter>
    </ClCompile>
    <ClCompile Include="energympro.cc">
      <Filter>Source Files</Filter>
    </ClCompile>
    <ClCompile Include="enigma.cc">
      <Filter>Source Files</Filter>
    </ClCompile>
    <ClCompile Include="exif.cc">
      <Filter>Source Files</Filter>
    </ClCompile>
    <ClCompile Include="explorist_ini.cc">
      <Filter>Source Files</Filter>
    </ClCompile>
    <ClCompile Include="f90g_track.cc">
      <Filter>Source Files</Filter>
    </ClCompile>
    <ClCompile Include="fatal.cc">
      <Filter>Source Files</Filter>
    </ClCompile>
    <ClCompile Include="filter_vecs.cc">
      <Filter>Source Files</Filter>
    </ClCompile>
    <ClCompile Include="formspec.cc">
      <Filter>Source Files</Filter>
    </ClCompile>
    <ClCompile Include="g7towin.cc">
      <Filter>Source Files</Filter>
    </ClCompile>
    <ClCompile Include="garmin.cc">
      <Filter>Source Files</Filter>
    </ClCompile>
    <ClCompile Include="garmin_device_xml.cc">
      <Filter>Source Files</Filter>
    </ClCompile>
    <ClCompile Include="garmin_fit.cc">
      <Filter>Source Files</Filter>
    </ClCompile>
    <ClCompile Include="garmin_fs.cc">
      <Filter>Source Files</Filter>
    </ClCompile>
    <ClCompile Include="garmin_gpi.cc">
      <Filter>Source Files</Filter>
    </ClCompile>
    <ClCompile Include="garmin_tables.cc">
      <Filter>Source Files</Filter>
    </ClCompile>
    <ClCompile Include="garmin_txt.cc">
      <Filter>Source Files</Filter>
    </ClCompile>
    <ClCompile Include="garmin_xt.cc">
      <Filter>Source Files</Filter>
    </ClCompile>
    <ClCompile Include="gbfile.cc">
      <Filter>Source Files</Filter>
    </ClCompile>
    <ClCompile Include="gbser.cc">
      <Filter>Source Files</Filter>
    </ClCompile>
    <ClCompile Include="gbser_win.cc">
      <Filter>Source Files</Filter>
    </ClCompile>
    <ClCompile Include="gdb.cc">
      <Filter>Source Files</Filter>
    </ClCompile>
    <ClCompile Include="geo.cc">
      <Filter>Source Files</Filter>
    </ClCompile>
    <ClCompile Include="geojson.cc">
      <Filter>Source Files</Filter>
    </ClCompile>
    <ClCompile Include="ggv_bin.cc">
      <Filter>Source Files</Filter>
    </ClCompile>
    <ClCompile Include="ggv_log.cc">
      <Filter>Source Files</Filter>
    </ClCompile>
    <ClCompile Include="ggv_ovl.cc">
      <Filter>Source Files</Filter>
    </ClCompile>
    <ClCompile Include="globals.cc">
      <Filter>Source Files</Filter>
    </ClCompile>
    <ClCompile Include="globalsat_sport.cc">
      <Filter>Source Files</Filter>
    </ClCompile>
    <ClCompile Include="glogbook.cc">
      <Filter>Source Files</Filter>
    </ClCompile>
    <ClCompile Include="gnav_trl.cc">
      <Filter>Source Files</Filter>
    </ClCompile>
    <ClCompile Include="googledir.cc">
      <Filter>Source Files</Filter>
    </ClCompile>
    <ClCompile Include="gopal.cc">
      <Filter>Source Files</Filter>
    </ClCompile>
    <ClCompile Include="jeeps\gpsapp.cc">
      <Filter>Source Files</Filter>
    </ClCompile>
    <ClCompile Include="jeeps\gpscom.cc">
      <Filter>Source Files</Filter>
    </ClCompile>
    <ClCompile Include="jeeps\gpsdevice.cc">
      <Filter>Source Files</Filter>
    </ClCompile>
    <ClCompile Include="jeeps\gpsdevice_ser.cc">
      <Filter>Source Files</Filter>
    </ClCompile>
    <ClCompile Include="jeeps\gpsdevice_usb.cc">
      <Filter>Source Files</Filter>
    </ClCompile>
    <ClCompile Include="jeeps\gpsmath.cc">
      <Filter>Source Files</Filter>
    </ClCompile>
    <ClCompile Include="jeeps\gpsmem.cc">
      <Filter>Source Files</Filter>
    </ClCompile>
    <ClCompile Include="jeeps\gpsprot.cc">
      <Filter>Source Files</Filter>
    </ClCompile>
    <ClCompile Include="jeeps\gpsread.cc">
      <Filter>Source Files</Filter>
    </ClCompile>
    <ClCompile Include="jeeps\gpsrqst.cc">
      <Filter>Source Files</Filter>
    </ClCompile>
    <ClCompile Include="jeeps\gpssend.cc">
      <Filter>Source Files</Filter>
    </ClCompile>
    <ClCompile Include="jeeps\gpsserial.cc">
      <Filter>Source Files</Filter>
    </ClCompile>
    <ClCompile Include="gpssim.cc">
      <Filter>Source Files</Filter>
    </ClCompile>
    <ClCompile Include="jeeps\gpsusbcommon.cc">
      <Filter>Source Files</Filter>
    </ClCompile>
    <ClCompile Include="jeeps\gpsusbread.cc">
      <Filter>Source Files</Filter>
    </ClCompile>
    <ClCompile Include="jeeps\gpsusbsend.cc">
      <Filter>Source Files</Filter>
    </ClCompile>
    <ClCompile Include="jeeps\gpsusbwin.cc">
      <Filter>Source Files</Filter>
    </ClCompile>
    <ClCompile Include="gpsutil.cc">
      <Filter>Source Files</Filter>
    </ClCompile>
    <ClCompile Include="gpx.cc">
      <Filter>Source Files</Filter>
    </ClCompile>
    <ClCompile Include="grtcirc.cc">
      <Filter>Source Files</Filter>
    </ClCompile>
    <ClCompile Include="gtm.cc">
      <Filter>Source Files</Filter>
    </ClCompile>
    <ClCompile Include="gtrnctr.cc">
      <Filter>Source Files</Filter>
    </ClCompile>
    <ClCompile Include="zlib\gzclose.c">
      <Filter>Source Files</Filter>
    </ClCompile>
    <ClCompile Include="zlib\gzlib.c">
      <Filter>Source Files</Filter>
    </ClCompile>
    <ClCompile Include="zlib\gzread.c">
      <Filter>Source Files</Filter>
    </ClCompile>
    <ClCompile Include="zlib\gzwrite.c">
      <Filter>Source Files</Filter>
    </ClCompile>
    <ClCompile Include="height.cc">
      <Filter>Source Files</Filter>
    </ClCompile>
    <ClCompile Include="hiketech.cc">
      <Filter>Source Files</Filter>
    </ClCompile>
    <ClCompile Include="holux.cc">
      <Filter>Source Files</Filter>
    </ClCompile>
    <ClCompile Include="html.cc">
      <Filter>Source Files</Filter>
    </ClCompile>
    <ClCompile Include="humminbird.cc">
      <Filter>Source Files</Filter>
    </ClCompile>
    <ClCompile Include="igc.cc">
      <Filter>Source Files</Filter>
    </ClCompile>
    <ClCompile Include="ignrando.cc">
      <Filter>Source Files</Filter>
    </ClCompile>
    <ClCompile Include="igo8.cc">
      <Filter>Source Files</Filter>
    </ClCompile>
    <ClCompile Include="ik3d.cc">
      <Filter>Source Files</Filter>
    </ClCompile>
    <ClCompile Include="zlib\infback.c">
      <Filter>Source Files</Filter>
    </ClCompile>
    <ClCompile Include="zlib\inffast.c">
      <Filter>Source Files</Filter>
    </ClCompile>
    <ClCompile Include="zlib\inflate.c">
      <Filter>Source Files</Filter>
    </ClCompile>
    <ClCompile Include="zlib\inftrees.c">
      <Filter>Source Files</Filter>
    </ClCompile>
    <ClCompile Include="inifile.cc">
      <Filter>Source Files</Filter>
    </ClCompile>
    <ClCompile Include="internal_styles.cc">
      <Filter>Source Files</Filter>
    </ClCompile>
    <ClCompile Include="interpolate.cc">
      <Filter>Source Files</Filter>
    </ClCompile>
    <ClCompile Include="itracku.cc">
      <Filter>Source Files</Filter>
    </ClCompile>
    <ClCompile Include="jeeps\jgpsutil.cc">
      <Filter>Source Files</Filter>
    </ClCompile>
    <ClCompile Include="jogmap.cc">
      <Filter>Source Files</Filter>
    </ClCompile>
    <ClCompile Include="jtr.cc">
      <Filter>Source Files</Filter>
    </ClCompile>
    <ClCompile Include="kml.cc">
      <Filter>Source Files</Filter>
    </ClCompile>
    <ClCompile Include="lmx.cc">
      <Filter>Source Files</Filter>
    </ClCompile>
    <ClCompile Include="lowranceusr.cc">
      <Filter>Source Files</Filter>
    </ClCompile>
    <ClCompile Include="maggeo.cc">
      <Filter>Source Files</Filter>
    </ClCompile>
    <ClCompile Include="magproto.cc">
      <Filter>Source Files</Filter>
    </ClCompile>
    <ClCompile Include="main.cc">
      <Filter>Source Files</Filter>
    </ClCompile>
    <ClCompile Include="mapasia.cc">
      <Filter>Source Files</Filter>
    </ClCompile>
    <ClCompile Include="mapbar_track.cc">
      <Filter>Source Files</Filter>
    </ClCompile>
    <ClCompile Include="mapfactor.cc">
      <Filter>Source Files</Filter>
    </ClCompile>
    <ClCompile Include="mapsend.cc">
      <Filter>Source Files</Filter>
    </ClCompile>
    <ClCompile Include="mapsource.cc">
      <Filter>Source Files</Filter>
    </ClCompile>
    <ClCompile Include="mkshort.cc">
      <Filter>Source Files</Filter>
    </ClCompile>
    <ClCompile Include="mmo.cc">
      <Filter>Source Files</Filter>
    </ClCompile>
    <ClCompile Include="mtk_locus.cc">
      <Filter>Source Files</Filter>
    </ClCompile>
    <ClCompile Include="mtk_logger.cc">
      <Filter>Source Files</Filter>
    </ClCompile>
    <ClCompile Include="mynav.cc">
      <Filter>Source Files</Filter>
    </ClCompile>
    <ClCompile Include="navicache.cc">
      <Filter>Source Files</Filter>
    </ClCompile>
    <ClCompile Include="naviguide.cc">
      <Filter>Source Files</Filter>
    </ClCompile>
    <ClCompile Include="navilink.cc">
      <Filter>Source Files</Filter>
    </ClCompile>
    <ClCompile Include="navitel.cc">
      <Filter>Source Files</Filter>
    </ClCompile>
    <ClCompile Include="netstumbler.cc">
      <Filter>Source Files</Filter>
    </ClCompile>
    <ClCompile Include="nmea.cc">
      <Filter>Source Files</Filter>
    </ClCompile>
    <ClCompile Include="nmn4.cc">
      <Filter>Source Files</Filter>
    </ClCompile>
    <ClCompile Include="nukedata.cc">
      <Filter>Source Files</Filter>
    </ClCompile>
    <ClCompile Include="osm.cc">
      <Filter>Source Files</Filter>
    </ClCompile>
    <ClCompile Include="ozi.cc">
      <Filter>Source Files</Filter>
    </ClCompile>
    <ClCompile Include="parse.cc">
      <Filter>Source Files</Filter>
    </ClCompile>
    <ClCompile Include="pcx.cc">
      <Filter>Source Files</Filter>
    </ClCompile>
    <ClCompile Include="pocketfms_bc.cc">
      <Filter>Source Files</Filter>
    </ClCompile>
    <ClCompile Include="pocketfms_fp.cc">
      <Filter>Source Files</Filter>
    </ClCompile>
    <ClCompile Include="pocketfms_wp.cc">
      <Filter>Source Files</Filter>
    </ClCompile>
    <ClCompile Include="polygon.cc">
      <Filter>Source Files</Filter>
    </ClCompile>
    <ClCompile Include="position.cc">
      <Filter>Source Files</Filter>
    </ClCompile>
    <ClCompile Include="psitrex.cc">
      <Filter>Source Files</Filter>
    </ClCompile>
    <ClCompile Include="radius.cc">
      <Filter>Source Files</Filter>
    </ClCompile>
    <ClCompile Include="random.cc">
      <Filter>Source Files</Filter>
    </ClCompile>
    <ClCompile Include="raymarine.cc">
      <Filter>Source Files</Filter>
    </ClCompile>
    <ClCompile Include="reverse_route.cc">
      <Filter>Source Files</Filter>
    </ClCompile>
    <ClCompile Include="rgbcolors.cc">
      <Filter>Source Files</Filter>
    </ClCompile>
    <ClCompile Include="route.cc">
      <Filter>Source Files</Filter>
    </ClCompile>
    <ClCompile Include="shapelib\safileio.c">
      <Filter>Source Files</Filter>
    </ClCompile>
    <ClCompile Include="saroute.cc">
      <Filter>Source Files</Filter>
    </ClCompile>
    <ClCompile Include="sbn.cc">
      <Filter>Source Files</Filter>
    </ClCompile>
    <ClCompile Include="sbp.cc">
      <Filter>Source Files</Filter>
    </ClCompile>
    <ClCompile Include="session.cc">
      <Filter>Source Files</Filter>
    </ClCompile>
    <ClCompile Include="shape.cc">
      <Filter>Source Files</Filter>
    </ClCompile>
    <ClCompile Include="shapelib\shpopen.c">
      <Filter>Source Files</Filter>
    </ClCompile>
    <ClCompile Include="skyforce.cc">
      <Filter>Source Files</Filter>
    </ClCompile>
    <ClCompile Include="skytraq.cc">
      <Filter>Source Files</Filter>
    </ClCompile>
    <ClCompile Include="smplrout.cc">
      <Filter>Source Files</Filter>
    </ClCompile>
    <ClCompile Include="sort.cc">
      <Filter>Source Files</Filter>
    </ClCompile>
    <ClCompile Include="stackfilter.cc">
      <Filter>Source Files</Filter>
    </ClCompile>
    <ClCompile Include="stmsdf.cc">
      <Filter>Source Files</Filter>
    </ClCompile>
    <ClCompile Include="stmwpp.cc">
      <Filter>Source Files</Filter>
    </ClCompile>
    <ClCompile Include="strptime.c">
      <Filter>Source Files</Filter>
    </ClCompile>
    <ClCompile Include="subrip.cc">
      <Filter>Source Files</Filter>
    </ClCompile>
    <ClCompile Include="swapdata.cc">
      <Filter>Source Files</Filter>
    </ClCompile>
    <ClCompile Include="tef_xml.cc">
      <Filter>Source Files</Filter>
    </ClCompile>
    <ClCompile Include="teletype.cc">
      <Filter>Source Files</Filter>
    </ClCompile>
    <ClCompile Include="text.cc">
      <Filter>Source Files</Filter>
    </ClCompile>
    <ClCompile Include="tiger.cc">
      <Filter>Source Files</Filter>
    </ClCompile>
    <ClCompile Include="tmpro.cc">
      <Filter>Source Files</Filter>
    </ClCompile>
    <ClCompile Include="tomtom.cc">
      <Filter>Source Files</Filter>
    </ClCompile>
    <ClCompile Include="tpg.cc">
      <Filter>Source Files</Filter>
    </ClCompile>
    <ClCompile Include="tpo.cc">
      <Filter>Source Files</Filter>
    </ClCompile>
    <ClCompile Include="trackfilter.cc">
      <Filter>Source Files</Filter>
    </ClCompile>
    <ClCompile Include="transform.cc">
      <Filter>Source Files</Filter>
    </ClCompile>
    <ClCompile Include="zlib\trees.c">
      <Filter>Source Files</Filter>
    </ClCompile>
    <ClCompile Include="zlib\uncompr.c">
      <Filter>Source Files</Filter>
    </ClCompile>
    <ClCompile Include="unicsv.cc">
      <Filter>Source Files</Filter>
    </ClCompile>
    <ClCompile Include="units.cc">
      <Filter>Source Files</Filter>
    </ClCompile>
    <ClCompile Include="src\core\usasciicodec.cc">
      <Filter>Source Files</Filter>
    </ClCompile>
    <ClCompile Include="util.cc">
      <Filter>Source Files</Filter>
    </ClCompile>
    <ClCompile Include="util_crc.cc">
      <Filter>Source Files</Filter>
    </ClCompile>
    <ClCompile Include="v900.cc">
      <Filter>Source Files</Filter>
    </ClCompile>
    <ClCompile Include="validate.cc">
      <Filter>Source Files</Filter>
    </ClCompile>
    <ClCompile Include="vcf.cc">
      <Filter>Source Files</Filter>
    </ClCompile>
    <ClCompile Include="vecs.cc">
      <Filter>Source Files</Filter>
    </ClCompile>
    <ClCompile Include="vidaone.cc">
      <Filter>Source Files</Filter>
    </ClCompile>
    <ClCompile Include="vitosmt.cc">
      <Filter>Source Files</Filter>
    </ClCompile>
    <ClCompile Include="vitovtt.cc">
      <Filter>Source Files</Filter>
    </ClCompile>
    <ClCompile Include="vpl.cc">
      <Filter>Source Files</Filter>
    </ClCompile>
    <ClCompile Include="waypt.cc">
      <Filter>Source Files</Filter>
    </ClCompile>
    <ClCompile Include="wbt-200.cc">
      <Filter>Source Files</Filter>
    </ClCompile>
    <ClCompile Include="wfff_xml.cc">
      <Filter>Source Files</Filter>
    </ClCompile>
    <ClCompile Include="wintec_tes.cc">
      <Filter>Source Files</Filter>
    </ClCompile>
    <ClCompile Include="xcsv.cc">
      <Filter>Source Files</Filter>
    </ClCompile>
    <ClCompile Include="xmlgeneric.cc">
      <Filter>Source Files</Filter>
    </ClCompile>
    <ClCompile Include="src\core\xmlstreamwriter.cc">
      <Filter>Source Files</Filter>
    </ClCompile>
    <ClCompile Include="xmltag.cc">
      <Filter>Source Files</Filter>
    </ClCompile>
    <ClCompile Include="xol.cc">
      <Filter>Source Files</Filter>
    </ClCompile>
    <ClCompile Include="yahoo.cc">
      <Filter>Source Files</Filter>
    </ClCompile>
    <ClCompile Include="zlib\zutil.c">
      <Filter>Source Files</Filter>
    </ClCompile>
  </ItemGroup>
  <ItemGroup>
    <ClInclude Include="an1sym.h">
      <Filter>Header Files</Filter>
    </ClInclude>
    <ClInclude Include="cet\ansi_x3_4_1968.h">
      <Filter>Header Files</Filter>
    </ClInclude>
    <ClInclude Include="arcdist.h">
      <Filter>Header Files</Filter>
    </ClInclude>
    <ClInclude Include="bend.h">
      <Filter>Header Files</Filter>
    </ClInclude>
    <ClInclude Include="cet.h">
      <Filter>Header Files</Filter>
    </ClInclude>
    <ClInclude Include="cet_util.h">
      <Filter>Header Files</Filter>
    </ClInclude>
    <ClInclude Include="cet\cp1252.h">
      <Filter>Header Files</Filter>
    </ClInclude>
    <ClInclude Include="zlib\crc32.h">
      <Filter>Header Files</Filter>
    </ClInclude>
    <ClInclude Include="csv_util.h">
      <Filter>Header Files</Filter>
    </ClInclude>
    <ClInclude Include="src\core\datetime.h">
      <Filter>Header Files</Filter>
    </ClInclude>
    <ClInclude Include="zlib\deflate.h">
      <Filter>Header Files</Filter>
    </ClInclude>
    <ClInclude Include="defs.h">
      <Filter>Header Files</Filter>
    </ClInclude>
    <ClInclude Include="discard.h">
      <Filter>Header Files</Filter>
    </ClInclude>
    <ClInclude Include="duplicate.h">
      <Filter>Header Files</Filter>
    </ClInclude>
    <ClInclude Include="explorist_ini.h">
      <Filter>Header Files</Filter>
    </ClInclude>
    <ClInclude Include="src\core\file.h">
      <Filter>Header Files</Filter>
    </ClInclude>
    <ClInclude Include="filter.h">
      <Filter>Header Files</Filter>
    </ClInclude>
    <ClInclude Include="filterdefs.h">
      <Filter>Header Files</Filter>
    </ClInclude>
    <ClInclude Include="garmin_device_xml.h">
      <Filter>Header Files</Filter>
    </ClInclude>
    <ClInclude Include="garmin_fs.h">
      <Filter>Header Files</Filter>
    </ClInclude>
    <ClInclude Include="garmin_gpi.h">
      <Filter>Header Files</Filter>
    </ClInclude>
    <ClInclude Include="garmin_tables.h">
      <Filter>Header Files</Filter>
    </ClInclude>
    <ClInclude Include="jeeps\garminusb.h">
      <Filter>Header Files</Filter>
    </ClInclude>
    <ClInclude Include="gbfile.h">
      <Filter>Header Files</Filter>
    </ClInclude>
    <ClInclude Include="gbser.h">
      <Filter>Header Files</Filter>
    </ClInclude>
    <ClInclude Include="gbser_private.h">
      <Filter>Header Files</Filter>
    </ClInclude>
    <ClInclude Include="gbser_win.h">
      <Filter>Header Files</Filter>
    </ClInclude>
    <ClInclude Include="gbversion.h">
      <Filter>Header Files</Filter>
    </ClInclude>
    <ClInclude Include="jeeps\gps.h">
      <Filter>Header Files</Filter>
    </ClInclude>
    <ClInclude Include="jeeps\gpsapp.h">
      <Filter>Header Files</Filter>
    </ClInclude>
    <ClInclude Include="jeeps\gpscom.h">
      <Filter>Header Files</Filter>
    </ClInclude>
    <ClInclude Include="jeeps\gpsdatum.h">
      <Filter>Header Files</Filter>
    </ClInclude>
    <ClInclude Include="jeeps\gpsdevice.h">
      <Filter>Header Files</Filter>
    </ClInclude>
    <ClInclude Include="jeeps\gpsfmt.h">
      <Filter>Header Files</Filter>
    </ClInclude>
    <ClInclude Include="jeeps\gpsmath.h">
      <Filter>Header Files</Filter>
    </ClInclude>
    <ClInclude Include="jeeps\gpsmem.h">
      <Filter>Header Files</Filter>
    </ClInclude>
    <ClInclude Include="jeeps\gpsport.h">
      <Filter>Header Files</Filter>
    </ClInclude>
    <ClInclude Include="jeeps\gpsprot.h">
      <Filter>Header Files</Filter>
    </ClInclude>
    <ClInclude Include="jeeps\gpsread.h">
      <Filter>Header Files</Filter>
    </ClInclude>
    <ClInclude Include="jeeps\gpsrqst.h">
      <Filter>Header Files</Filter>
    </ClInclude>
    <ClInclude Include="jeeps\gpssend.h">
      <Filter>Header Files</Filter>
    </ClInclude>
    <ClInclude Include="jeeps\gpsserial.h">
      <Filter>Header Files</Filter>
    </ClInclude>
    <ClInclude Include="jeeps\gpsusbcommon.h">
      <Filter>Header Files</Filter>
    </ClInclude>
    <ClInclude Include="jeeps\gpsusbint.h">
      <Filter>Header Files</Filter>
    </ClInclude>
    <ClInclude Include="jeeps\gpsutil.h">
      <Filter>Header Files</Filter>
    </ClInclude>
    <ClInclude Include="grtcirc.h">
      <Filter>Header Files</Filter>
    </ClInclude>
    <ClInclude Include="zlib\gzguts.h">
      <Filter>Header Files</Filter>
    </ClInclude>
    <ClInclude Include="height.h">
      <Filter>Header Files</Filter>
    </ClInclude>
    <ClInclude Include="heightgrid.h">
      <Filter>Header Files</Filter>
    </ClInclude>
    <ClInclude Include="holux.h">
      <Filter>Header Files</Filter>
    </ClInclude>
    <ClInclude Include="zlib\inffast.h">
      <Filter>Header Files</Filter>
    </ClInclude>
    <ClInclude Include="zlib\inffixed.h">
      <Filter>Header Files</Filter>
    </ClInclude>
    <ClInclude Include="zlib\inflate.h">
      <Filter>Header Files</Filter>
    </ClInclude>
    <ClInclude Include="zlib\inftrees.h">
      <Filter>Header Files</Filter>
    </ClInclude>
    <ClInclude Include="inifile.h">
      <Filter>Header Files</Filter>
    </ClInclude>
    <ClInclude Include="interpolate.h">
      <Filter>Header Files</Filter>
    </ClInclude>
    <ClInclude Include="cet\iso_8859_8.h">
      <Filter>Header Files</Filter>
    </ClInclude>
    <ClInclude Include="src\core\logging.h">
      <Filter>Header Files</Filter>
    </ClInclude>
    <ClInclude Include="magellan.h">
      <Filter>Header Files</Filter>
    </ClInclude>
    <ClInclude Include="mapsend.h">
      <Filter>Header Files</Filter>
    </ClInclude>
    <ClInclude Include="navilink.h">
      <Filter>Header Files</Filter>
    </ClInclude>
    <ClInclude Include="nukedata.h">
      <Filter>Header Files</Filter>
    </ClInclude>
    <ClInclude Include="polygon.h">
      <Filter>Header Files</Filter>
    </ClInclude>
    <ClInclude Include="position.h">
      <Filter>Header Files</Filter>
    </ClInclude>
    <ClInclude Include="radius.h">
      <Filter>Header Files</Filter>
    </ClInclude>
    <ClInclude Include="reverse_route.h">
      <Filter>Header Files</Filter>
    </ClInclude>
    <ClInclude Include="session.h">
      <Filter>Header Files</Filter>
    </ClInclude>
    <ClInclude Include="shapelib\shapefil.h">
      <Filter>Header Files</Filter>
    </ClInclude>
    <ClInclude Include="smplrout.h">
      <Filter>Header Files</Filter>
    </ClInclude>
    <ClInclude Include="sort.h">
      <Filter>Header Files</Filter>
    </ClInclude>
    <ClInclude Include="stackfilter.h">
      <Filter>Header Files</Filter>
    </ClInclude>
    <ClInclude Include="strptime.h">
      <Filter>Header Files</Filter>
    </ClInclude>
    <ClInclude Include="swapdata.h">
      <Filter>Header Files</Filter>
    </ClInclude>
    <ClInclude Include="trackfilter.h">
      <Filter>Header Files</Filter>
    </ClInclude>
    <ClInclude Include="transform.h">
      <Filter>Header Files</Filter>
    </ClInclude>
    <ClInclude Include="zlib\trees.h">
      <Filter>Header Files</Filter>
    </ClInclude>
    <ClInclude Include="src\core\usasciicodec.h">
      <Filter>Header Files</Filter>
    </ClInclude>
    <ClInclude Include="validate.h">
      <Filter>Header Files</Filter>
    </ClInclude>
    <ClInclude Include="xcsv.h">
      <Filter>Header Files</Filter>
    </ClInclude>
    <ClInclude Include="xmlgeneric.h">
      <Filter>Header Files</Filter>
    </ClInclude>
    <ClInclude Include="src\core\xmlstreamwriter.h">
      <Filter>Header Files</Filter>
    </ClInclude>
    <ClInclude Include="src\core\xmltag.h">
      <Filter>Header Files</Filter>
    </ClInclude>
    <ClInclude Include="zlib\zconf.h">
      <Filter>Header Files</Filter>
    </ClInclude>
    <ClInclude Include="zlib\zlib.h">
      <Filter>Header Files</Filter>
    </ClInclude>
    <ClInclude Include="zlib\zutil.h">
      <Filter>Header Files</Filter>
    </ClInclude>
  </ItemGroup>
  <ItemGroup>
    <CustomBuild Include="debug\moc_predefs.h.cbt">
      <Filter>Generated Files</Filter>
    </CustomBuild>
    <CustomBuild Include="release\moc_predefs.h.cbt">
      <Filter>Generated Files</Filter>
    </CustomBuild>
  </ItemGroup>
</Project>