// !$*UTF8*$!
{
	archiveVersion = 1;
	classes = {
	};
	objectVersion = 42;
	objects = {

/* Begin PBXAppleScriptBuildPhase section */
		6AC682D709C45A8F0081607C /* AppleScript */ = {
			isa = PBXAppleScriptBuildPhase;
			buildActionMask = 2147483647;
			contextName = "";
			files = (
				6AC682D809C45A8F0081607C /* MacGPSBabel.applescript in AppleScript */,
			);
			isSharedContext = 0;
			runOnlyForDeploymentPostprocessing = 0;
		};
/* End PBXAppleScriptBuildPhase section */

/* Begin PBXBuildFile section */
		6AC682D809C45A8F0081607C /* MacGPSBabel.applescript in AppleScript */ = {isa = PBXBuildFile; fileRef = DA206CF3015C4E8B03C91932 /* MacGPSBabel.applescript */; settings = {ATTRIBUTES = (Debug, ); }; };
		6AC682DA09C45A8F0081607C /* InfoPlist.strings in Resources */ = {isa = PBXBuildFile; fileRef = 089C165CFE840E0CC02AAC07 /* InfoPlist.strings */; };
		6AC682DB09C45A8F0081607C /* mgb.icns in Resources */ = {isa = PBXBuildFile; fileRef = F52E6CB4059959B801A80064 /* mgb.icns */; };
		6AC682DC09C45A8F0081607C /* MainMenu.nib in Resources */ = {isa = PBXBuildFile; fileRef = 6AC682C009C459350081607C /* MainMenu.nib */; };
		6AC682DD09C45A8F0081607C /* gpsbabel in Resources */ = {isa = PBXBuildFile; fileRef = 6AC682C509C4596E0081607C /* gpsbabel */; };
		6AC682DE09C45A8F0081607C /* Credits.rtf in Resources */ = {isa = PBXBuildFile; fileRef = 6AC682CB09C45A660081607C /* Credits.rtf */; };
		6AC682E009C45A8F0081607C /* main.m in Sources */ = {isa = PBXBuildFile; fileRef = 29B97316FDCFA39411CA2CEA /* main.m */; settings = {ATTRIBUTES = (); }; };
		6AC682E209C45A8F0081607C /* Cocoa.framework in Frameworks */ = {isa = PBXBuildFile; fileRef = 1058C7A1FEA54F0111CA2CBB /* Cocoa.framework */; };
		6AC682E309C45A8F0081607C /* AppleScriptKit.framework in Frameworks */ = {isa = PBXBuildFile; fileRef = DA206CF1015C4E2903C91932 /* AppleScriptKit.framework */; };
/* End PBXBuildFile section */

/* Begin PBXFileReference section */
		089C165DFE840E0CC02AAC07 /* English */ = {isa = PBXFileReference; fileEncoding = 10; lastKnownFileType = text.plist.strings; name = English; path = English.lproj/InfoPlist.strings; sourceTree = "<group>"; };
		1058C7A1FEA54F0111CA2CBB /* Cocoa.framework */ = {isa = PBXFileReference; lastKnownFileType = wrapper.framework; name = Cocoa.framework; path = /System/Library/Frameworks/Cocoa.framework; sourceTree = "<absolute>"; };
		29B97316FDCFA39411CA2CEA /* main.m */ = {isa = PBXFileReference; fileEncoding = 30; lastKnownFileType = sourcecode.c.objc; path = main.m; sourceTree = "<group>"; };
		29B97324FDCFA39411CA2CEA /* AppKit.framework */ = {isa = PBXFileReference; lastKnownFileType = wrapper.framework; name = AppKit.framework; path = /System/Library/Frameworks/AppKit.framework; sourceTree = "<absolute>"; };
		29B97325FDCFA39411CA2CEA /* Foundation.framework */ = {isa = PBXFileReference; lastKnownFileType = wrapper.framework; name = Foundation.framework; path = /System/Library/Frameworks/Foundation.framework; sourceTree = "<absolute>"; };
		6AC682C109C459350081607C /* English */ = {isa = PBXFileReference; lastKnownFileType = wrapper.nib; name = English; path = English.lproj/MainMenu.nib; sourceTree = "<group>"; };
		6AC682C509C4596E0081607C /* gpsbabel */ = {isa = PBXFileReference; lastKnownFileType = "compiled.mach-o.executable"; name = gpsbabel; path = ../gpsbabel; sourceTree = SOURCE_ROOT; };
		6AC682CB09C45A660081607C /* Credits.rtf */ = {isa = PBXFileReference; lastKnownFileType = text.rtf; path = Credits.rtf; sourceTree = "<group>"; };
		6AC682E909C45A8F0081607C /* MacGPSBabel.app */ = {isa = PBXFileReference; explicitFileType = wrapper.application; includeInIndex = 0; path = MacGPSBabel.app; sourceTree = BUILT_PRODUCTS_DIR; };
		6AC682EB09C45ACD0081607C /* Info.plist */ = {isa = PBXFileReference; fileEncoding = 30; lastKnownFileType = text.xml; path = Info.plist; sourceTree = "<group>"; };
		DA206CF1015C4E2903C91932 /* AppleScriptKit.framework */ = {isa = PBXFileReference; lastKnownFileType = wrapper.framework; name = AppleScriptKit.framework; path = /System/Library/Frameworks/AppleScriptKit.framework; sourceTree = "<absolute>"; };
		DA206CF3015C4E8B03C91932 /* MacGPSBabel.applescript */ = {isa = PBXFileReference; explicitFileType = sourcecode.applescript; fileEncoding = 30; path = MacGPSBabel.applescript; sourceTree = "<group>"; };
		DA206CF4015C4E8B03C91932 /* AppleScriptKit.sdef */ = {isa = PBXFileReference; lastKnownFileType = text.sdef; name = AppleScriptKit.sdef; path = /System/Library/Frameworks/AppleScriptKit.framework/Versions/A/Resources/AppleScriptKit.sdef; sourceTree = "<absolute>"; };
		F52E6CB4059959B801A80064 /* mgb.icns */ = {isa = PBXFileReference; lastKnownFileType = image.icns; path = mgb.icns; sourceTree = "<group>"; };
/* End PBXFileReference section */

/* Begin PBXFrameworksBuildPhase section */
		6AC682E109C45A8F0081607C /* Frameworks */ = {
			isa = PBXFrameworksBuildPhase;
			buildActionMask = 2147483647;
			files = (
				6AC682E209C45A8F0081607C /* Cocoa.framework in Frameworks */,
				6AC682E309C45A8F0081607C /* AppleScriptKit.framework in Frameworks */,
			);
			runOnlyForDeploymentPostprocessing = 0;
		};
/* End PBXFrameworksBuildPhase section */

/* Begin PBXGroup section */
		080E96DDFE201D6D7F000001 /* Scripts */ = {
			isa = PBXGroup;
			children = (
				DA206CF3015C4E8B03C91932 /* MacGPSBabel.applescript */,
			);
			name = Scripts;
			sourceTree = "<group>";
		};
		1058C7A0FEA54F0111CA2CBB /* Linked Frameworks */ = {
			isa = PBXGroup;
			children = (
				1058C7A1FEA54F0111CA2CBB /* Cocoa.framework */,
				DA206CF1015C4E2903C91932 /* AppleScriptKit.framework */,
			);
			name = "Linked Frameworks";
			sourceTree = "<group>";
		};
		1058C7A2FEA54F0111CA2CBB /* Other Frameworks */ = {
			isa = PBXGroup;
			children = (
				29B97325FDCFA39411CA2CEA /* Foundation.framework */,
				29B97324FDCFA39411CA2CEA /* AppKit.framework */,
			);
			name = "Other Frameworks";
			sourceTree = "<group>";
		};
		19C28FACFE9D520D11CA2CBB /* Products */ = {
			isa = PBXGroup;
			children = (
				6AC682E909C45A8F0081607C /* MacGPSBabel.app */,
			);
			name = Products;
			sourceTree = "<group>";
		};
		29B97314FDCFA39411CA2CEA /* Application */ = {
			isa = PBXGroup;
			children = (
				080E96DDFE201D6D7F000001 /* Scripts */,
				29B97317FDCFA39411CA2CEA /* Resources */,
				29B97315FDCFA39411CA2CEA /* Other Sources */,
				29B97323FDCFA39411CA2CEA /* Frameworks */,
				19C28FACFE9D520D11CA2CBB /* Products */,
			);
			name = Application;
			sourceTree = "<group>";
		};
		29B97315FDCFA39411CA2CEA /* Other Sources */ = {
			isa = PBXGroup;
			children = (
				29B97316FDCFA39411CA2CEA /* main.m */,
			);
			name = "Other Sources";
			sourceTree = "<group>";
		};
		29B97317FDCFA39411CA2CEA /* Resources */ = {
			isa = PBXGroup;
			children = (
				6AC682EB09C45ACD0081607C /* Info.plist */,
				6AC682CB09C45A660081607C /* Credits.rtf */,
				6AC682C009C459350081607C /* MainMenu.nib */,
				089C165CFE840E0CC02AAC07 /* InfoPlist.strings */,
				DA206CF4015C4E8B03C91932 /* AppleScriptKit.sdef */,
				F52E6CB4059959B801A80064 /* mgb.icns */,
				6AC682C509C4596E0081607C /* gpsbabel */,
			);
			name = Resources;
			sourceTree = "<group>";
		};
		29B97323FDCFA39411CA2CEA /* Frameworks */ = {
			isa = PBXGroup;
			children = (
				1058C7A0FEA54F0111CA2CBB /* Linked Frameworks */,
				1058C7A2FEA54F0111CA2CBB /* Other Frameworks */,
			);
			name = Frameworks;
			sourceTree = "<group>";
		};
/* End PBXGroup section */

/* Begin PBXHeadersBuildPhase section */
		6AC682D609C45A8F0081607C /* Headers */ = {
			isa = PBXHeadersBuildPhase;
			buildActionMask = 2147483647;
			files = (
			);
			runOnlyForDeploymentPostprocessing = 0;
		};
/* End PBXHeadersBuildPhase section */

/* Begin PBXNativeTarget section */
		6AC682D509C45A8F0081607C /* MacGPSBabel */ = {
			isa = PBXNativeTarget;
			buildConfigurationList = 6AC682E409C45A8F0081607C /* Build configuration list for PBXNativeTarget "MacGPSBabel" */;
			buildPhases = (
				6AC682D609C45A8F0081607C /* Headers */,
				6AC682D709C45A8F0081607C /* AppleScript */,
				6AC682D909C45A8F0081607C /* Resources */,
				6AC682DF09C45A8F0081607C /* Sources */,
				6AC682E109C45A8F0081607C /* Frameworks */,
			);
			buildRules = (
			);
			dependencies = (
			);
			name = MacGPSBabel;
			productInstallPath = "$(HOME)/Applications";
			productName = Application;
			productReference = 6AC682E909C45A8F0081607C /* MacGPSBabel.app */;
			productType = "com.apple.product-type.application";
		};
/* End PBXNativeTarget section */

/* Begin PBXProject section */
		29B97313FDCFA39411CA2CEA /* Project object */ = {
			isa = PBXProject;
			buildConfigurationList = 6AC6829D09C44F090081607C /* Build configuration list for PBXProject "MacGPSBabel" */;
			compatibilityVersion = "Xcode 2.4";
			hasScannedForEncodings = 1;
			mainGroup = 29B97314FDCFA39411CA2CEA /* Application */;
			projectDirPath = "";
			projectRoot = "";
			targets = (
				6AC682D509C45A8F0081607C /* MacGPSBabel */,
			);
		};
/* End PBXProject section */

/* Begin PBXResourcesBuildPhase section */
		6AC682D909C45A8F0081607C /* Resources */ = {
			isa = PBXResourcesBuildPhase;
			buildActionMask = 2147483647;
			files = (
				6AC682DA09C45A8F0081607C /* InfoPlist.strings in Resources */,
				6AC682DB09C45A8F0081607C /* mgb.icns in Resources */,
				6AC682DC09C45A8F0081607C /* MainMenu.nib in Resources */,
				6AC682DD09C45A8F0081607C /* gpsbabel in Resources */,
				6AC682DE09C45A8F0081607C /* Credits.rtf in Resources */,
			);
			runOnlyForDeploymentPostprocessing = 0;
		};
/* End PBXResourcesBuildPhase section */

/* Begin PBXSourcesBuildPhase section */
		6AC682DF09C45A8F0081607C /* Sources */ = {
			isa = PBXSourcesBuildPhase;
			buildActionMask = 2147483647;
			files = (
				6AC682E009C45A8F0081607C /* main.m in Sources */,
			);
			runOnlyForDeploymentPostprocessing = 0;
		};
/* End PBXSourcesBuildPhase section */

/* Begin PBXVariantGroup section */
		089C165CFE840E0CC02AAC07 /* InfoPlist.strings */ = {
			isa = PBXVariantGroup;
			children = (
				089C165DFE840E0CC02AAC07 /* English */,
			);
			name = InfoPlist.strings;
			sourceTree = "<group>";
		};
		6AC682C009C459350081607C /* MainMenu.nib */ = {
			isa = PBXVariantGroup;
			children = (
				6AC682C109C459350081607C /* English */,
			);
			name = MainMenu.nib;
			sourceTree = "<group>";
		};
/* End PBXVariantGroup section */

/* Begin XCBuildConfiguration section */
		6AC6829E09C44F090081607C /* Development */ = {
			isa = XCBuildConfiguration;
			buildSettings = {
			};
			name = Development;
		};
		6AC6829F09C44F090081607C /* Deployment */ = {
			isa = XCBuildConfiguration;
			buildSettings = {
			};
			name = Deployment;
		};
		6AC682A009C44F090081607C /* Default */ = {
			isa = XCBuildConfiguration;
			buildSettings = {
			};
			name = Default;
		};
		6AC682E509C45A8F0081607C /* Development */ = {
			isa = XCBuildConfiguration;
			buildSettings = {
				COPY_PHASE_STRIP = NO;
				FRAMEWORK_SEARCH_PATHS = "";
				GCC_DYNAMIC_NO_PIC = NO;
				GCC_ENABLE_FIX_AND_CONTINUE = YES;
				GCC_GENERATE_DEBUGGING_SYMBOLS = YES;
				GCC_OPTIMIZATION_LEVEL = 0;
				HEADER_SEARCH_PATHS = "";
				INFOPLIST_FILE = Info.plist;
				INSTALL_PATH = "$(HOME)/Applications";
				LIBRARY_SEARCH_PATHS = "$(SRCROOT)";
				OTHER_CFLAGS = "";
				OTHER_LDFLAGS = "";
				PRODUCT_NAME = MacGPSBabel;
				SECTORDER_FLAGS = "";
				WARNING_CFLAGS = (
					"-Wmost",
					"-Wno-four-char-constants",
					"-Wno-unknown-pragmas",
				);
				WRAPPER_EXTENSION = app;
				ZERO_LINK = YES;
			};
			name = Development;
		};
		6AC682E609C45A8F0081607C /* Deployment */ = {
			isa = XCBuildConfiguration;
			buildSettings = {
				COPY_PHASE_STRIP = YES;
				FRAMEWORK_SEARCH_PATHS = "";
				GCC_ENABLE_FIX_AND_CONTINUE = NO;
				HEADER_SEARCH_PATHS = "";
				INFOPLIST_FILE = Info.plist;
				INSTALL_PATH = "$(HOME)/Applications";
				LIBRARY_SEARCH_PATHS = "$(SRCROOT)";
				OTHER_CFLAGS = "";
				OTHER_LDFLAGS = "";
				OTHER_OSAFLAGS = "-x";
				PRODUCT_NAME = MacGPSBabel;
				SECTORDER_FLAGS = "";
				WARNING_CFLAGS = (
					"-Wmost",
					"-Wno-four-char-constants",
					"-Wno-unknown-pragmas",
				);
				WRAPPER_EXTENSION = app;
				ZERO_LINK = NO;
			};
			name = Deployment;
		};
		6AC682E709C45A8F0081607C /* Default */ = {
			isa = XCBuildConfiguration;
			buildSettings = {
				FRAMEWORK_SEARCH_PATHS = "";
				HEADER_SEARCH_PATHS = "";
				INFOPLIST_FILE = Info.plist;
				INSTALL_PATH = "$(HOME)/Applications";
				LIBRARY_SEARCH_PATHS = "$(SRCROOT)";
				OTHER_CFLAGS = "";
				OTHER_LDFLAGS = "";
				PRODUCT_NAME = MacGPSBabel;
				SECTORDER_FLAGS = "";
				WARNING_CFLAGS = (
					"-Wmost",
					"-Wno-four-char-constants",
					"-Wno-unknown-pragmas",
				);
				WRAPPER_EXTENSION = app;
			};
			name = Default;
		};
/* End XCBuildConfiguration section */

/* Begin XCConfigurationList section */
		6AC6829D09C44F090081607C /* Build configuration list for PBXProject "MacGPSBabel" */ = {
			isa = XCConfigurationList;
			buildConfigurations = (
				6AC6829E09C44F090081607C /* Development */,
				6AC6829F09C44F090081607C /* Deployment */,
				6AC682A009C44F090081607C /* Default */,
			);
			defaultConfigurationIsVisible = 0;
			defaultConfigurationName = Default;
		};
		6AC682E409C45A8F0081607C /* Build configuration list for PBXNativeTarget "MacGPSBabel" */ = {
			isa = XCConfigurationList;
			buildConfigurations = (
				6AC682E509C45A8F0081607C /* Development */,
				6AC682E609C45A8F0081607C /* Deployment */,
				6AC682E709C45A8F0081607C /* Default */,
			);
			defaultConfigurationIsVisible = 0;
			defaultConfigurationName = Default;
		};
/* End XCConfigurationList section */
	};
	rootObject = 29B97313FDCFA39411CA2CEA /* Project object */;
}
