Microsoft Visual Studio Solution File, Format Version 9.00
# Visual C++ Express 2005
Project("{8BC9CEB8-8B4A-11D0-8D11-00A0C91BC942}") = "GPSBabel", "GPSBabel.vcproj", "{EB2609DB-5800-45B2-BCB2-06D72F389DCA}"
EndProject
Global
	GlobalSection(SolutionConfigurationPlatforms) = preSolution
		Debug|Win32 = Debug|Win32
		Release|Win32 = Release|Win32
		Unicode|Win32 = Unicode|Win32
	EndGlobalSection
	GlobalSection(ProjectConfigurationPlatforms) = postSolution
		{EB2609DB-5800-45B2-BCB2-06D72F389DCA}.Debug|Win32.ActiveCfg = Debug|Win32
		{EB2609DB-5800-45B2-BCB2-06D72F389DCA}.Debug|Win32.Build.0 = Debug|Win32
		{EB2609DB-5800-45B2-BCB2-06D72F389DCA}.Release|Win32.ActiveCfg = Release|Win32
		{EB2609DB-5800-45B2-BCB2-06D72F389DCA}.Release|Win32.Build.0 = Release|Win32
		{EB2609DB-5800-45B2-BCB2-06D72F389DCA}.Unicode|Win32.ActiveCfg = Unicode|Win32
		{EB2609DB-5800-45B2-BCB2-06D72F389DCA}.Unicode|Win32.Build.0 = Unicode|Win32
	EndGlobalSection
	GlobalSection(SolutionProperties) = preSolution
		HideSolutionNode = FALSE
	EndGlobalSection
EndGlobal
